
Microsoft Visual Studio Solution File, Format Version 12.00
# Visual Studio 15
VisualStudioVersion = 15.0.28307.168
MinimumVisualStudioVersion = 10.0.40219.1
Project("{FAE04EC0-301F-11D3-BF4B-00C04F79EFBC}") = "LeapingGorilla.SecretStore", "LeapingGorilla.SecretStore\LeapingGorilla.SecretStore.csproj", "{037E40C3-9FC4-4B74-87C9-470A201EFCF2}"
EndProject
Project("{FAE04EC0-301F-11D3-BF4B-00C04F79EFBC}") = "LeapingGorilla.SecretStore.Aws", "LeapingGorilla.SecretStore.Aws\LeapingGorilla.SecretStore.Aws.csproj", "{C518145B-4C1A-48BA-BD8E-688BCB1D3199}"
EndProject
Project("{FAE04EC0-301F-11D3-BF4B-00C04F79EFBC}") = "LeapingGorilla.SecretStore.CommandLine", "LeapingGorilla.SecretStore.CommandLine\LeapingGorilla.SecretStore.CommandLine.csproj", "{36021286-4E36-4EBC-BCF2-61D506D4CBAF}"
EndProject
Project("{FAE04EC0-301F-11D3-BF4B-00C04F79EFBC}") = "LeapingGorilla.SecretStore.IntegrationTests", "LeapingGorilla.SecretStore.IntegrationTests\LeapingGorilla.SecretStore.IntegrationTests.csproj", "{B1DEE812-55B8-446B-924D-D1CBD43A4750}"
EndProject
Project("{FAE04EC0-301F-11D3-BF4B-00C04F79EFBC}") = "LeapingGorilla.SecretStore.Tests", "LeapingGorilla.SecretStore.Tests\LeapingGorilla.SecretStore.Tests.csproj", "{58A1101C-FBE7-43B6-A53A-44E4231D8214}"
EndProject
Global
	GlobalSection(SolutionConfigurationPlatforms) = preSolution
		Debug|Any CPU = Debug|Any CPU
		Release|Any CPU = Release|Any CPU
	EndGlobalSection
	GlobalSection(ProjectConfigurationPlatforms) = postSolution
		{037E40C3-9FC4-4B74-87C9-470A201EFCF2}.Debug|Any CPU.ActiveCfg = Debug|Any CPU
		{037E40C3-9FC4-4B74-87C9-470A201EFCF2}.Debug|Any CPU.Build.0 = Debug|Any CPU
		{037E40C3-9FC4-4B74-87C9-470A201EFCF2}.Release|Any CPU.ActiveCfg = Release|Any CPU
		{037E40C3-9FC4-4B74-87C9-470A201EFCF2}.Release|Any CPU.Build.0 = Release|Any CPU
		{C518145B-4C1A-48BA-BD8E-688BCB1D3199}.Debug|Any CPU.ActiveCfg = Debug|Any CPU
		{C518145B-4C1A-48BA-BD8E-688BCB1D3199}.Debug|Any CPU.Build.0 = Debug|Any CPU
		{C518145B-4C1A-48BA-BD8E-688BCB1D3199}.Release|Any CPU.ActiveCfg = Release|Any CPU
		{C518145B-4C1A-48BA-BD8E-688BCB1D3199}.Release|Any CPU.Build.0 = Release|Any CPU
		{36021286-4E36-4EBC-BCF2-61D506D4CBAF}.Debug|Any CPU.ActiveCfg = Debug|Any CPU
		{36021286-4E36-4EBC-BCF2-61D506D4CBAF}.Debug|Any CPU.Build.0 = Debug|Any CPU
		{36021286-4E36-4EBC-BCF2-61D506D4CBAF}.Release|Any CPU.ActiveCfg = Release|Any CPU
		{36021286-4E36-4EBC-BCF2-61D506D4CBAF}.Release|Any CPU.Build.0 = Release|Any CPU
		{B1DEE812-55B8-446B-924D-D1CBD43A4750}.Debug|Any CPU.ActiveCfg = Debug|Any CPU
		{B1DEE812-55B8-446B-924D-D1CBD43A4750}.Debug|Any CPU.Build.0 = Debug|Any CPU
		{B1DEE812-55B8-446B-924D-D1CBD43A4750}.Release|Any CPU.ActiveCfg = Release|Any CPU
		{B1DEE812-55B8-446B-924D-D1CBD43A4750}.Release|Any CPU.Build.0 = Release|Any CPU
		{58A1101C-FBE7-43B6-A53A-44E4231D8214}.Debug|Any CPU.ActiveCfg = Debug|Any CPU
		{58A1101C-FBE7-43B6-A53A-44E4231D8214}.Debug|Any CPU.Build.0 = Debug|Any CPU
		{58A1101C-FBE7-43B6-A53A-44E4231D8214}.Release|Any CPU.ActiveCfg = Release|Any CPU
		{58A1101C-FBE7-43B6-A53A-44E4231D8214}.Release|Any CPU.Build.0 = Release|Any CPU
	EndGlobalSection
	GlobalSection(SolutionProperties) = preSolution
		HideSolutionNode = FALSE
	EndGlobalSection
	GlobalSection(ExtensibilityGlobals) = postSolution
		SolutionGuid = {5BDD1A68-A577-44E0-BAF7-0EF37DB85A99}
	EndGlobalSection
EndGlobal
