
Microsoft Visual Studio Solution File, Format Version 12.00
# Visual Studio 14
VisualStudioVersion = 14.0.24720.0
MinimumVisualStudioVersion = 10.0.40219.1
Project("{FAE04EC0-301F-11D3-BF4B-00C04F79EFBC}") = "LeapingGorilla.SecretStore", "LeapingGorilla.SecretStore\LeapingGorilla.SecretStore.csproj", "{B5DA7074-C6EC-4EE1-9DC8-C4C9ADBAB7A4}"
EndProject
Project("{FAE04EC0-301F-11D3-BF4B-00C04F79EFBC}") = "LeapingGorilla.SecretStore.Tests", "LeapingGorilla.SecretStore.Tests\LeapingGorilla.SecretStore.Tests.csproj", "{9FD16616-9E7E-41CF-A725-8F3A9D5933E4}"
EndProject
Project("{FAE04EC0-301F-11D3-BF4B-00C04F79EFBC}") = "LeapingGorilla.SecretStore.Aws", "LeapingGorilla.SecretStore.Aws\LeapingGorilla.SecretStore.Aws.csproj", "{988BFD91-A3D7-4C37-AF1F-08636EACB3CD}"
EndProject
Project("{FAE04EC0-301F-11D3-BF4B-00C04F79EFBC}") = "LeapingGorilla.SecretStore.IntegrationTests", "LeapingGorilla.SecretStore.IntegrationTests\LeapingGorilla.SecretStore.IntegrationTests.csproj", "{C427187C-D2F8-43EF-88A3-10546451C448}"
EndProject
Global
	GlobalSection(SolutionConfigurationPlatforms) = preSolution
		Debug|Any CPU = Debug|Any CPU
		Release|Any CPU = Release|Any CPU
	EndGlobalSection
	GlobalSection(ProjectConfigurationPlatforms) = postSolution
		{B5DA7074-C6EC-4EE1-9DC8-C4C9ADBAB7A4}.Debug|Any CPU.ActiveCfg = Debug|Any CPU
		{B5DA7074-C6EC-4EE1-9DC8-C4C9ADBAB7A4}.Debug|Any CPU.Build.0 = Debug|Any CPU
		{B5DA7074-C6EC-4EE1-9DC8-C4C9ADBAB7A4}.Release|Any CPU.ActiveCfg = Release|Any CPU
		{B5DA7074-C6EC-4EE1-9DC8-C4C9ADBAB7A4}.Release|Any CPU.Build.0 = Release|Any CPU
		{9FD16616-9E7E-41CF-A725-8F3A9D5933E4}.Debug|Any CPU.ActiveCfg = Debug|Any CPU
		{9FD16616-9E7E-41CF-A725-8F3A9D5933E4}.Debug|Any CPU.Build.0 = Debug|Any CPU
		{9FD16616-9E7E-41CF-A725-8F3A9D5933E4}.Release|Any CPU.ActiveCfg = Release|Any CPU
		{9FD16616-9E7E-41CF-A725-8F3A9D5933E4}.Release|Any CPU.Build.0 = Release|Any CPU
		{988BFD91-A3D7-4C37-AF1F-08636EACB3CD}.Debug|Any CPU.ActiveCfg = Debug|Any CPU
		{988BFD91-A3D7-4C37-AF1F-08636EACB3CD}.Debug|Any CPU.Build.0 = Debug|Any CPU
		{988BFD91-A3D7-4C37-AF1F-08636EACB3CD}.Release|Any CPU.ActiveCfg = Release|Any CPU
		{988BFD91-A3D7-4C37-AF1F-08636EACB3CD}.Release|Any CPU.Build.0 = Release|Any CPU
		{C427187C-D2F8-43EF-88A3-10546451C448}.Debug|Any CPU.ActiveCfg = Debug|Any CPU
		{C427187C-D2F8-43EF-88A3-10546451C448}.Debug|Any CPU.Build.0 = Debug|Any CPU
		{C427187C-D2F8-43EF-88A3-10546451C448}.Release|Any CPU.ActiveCfg = Release|Any CPU
		{C427187C-D2F8-43EF-88A3-10546451C448}.Release|Any CPU.Build.0 = Release|Any CPU
	EndGlobalSection
	GlobalSection(SolutionProperties) = preSolution
		HideSolutionNode = FALSE
	EndGlobalSection
EndGlobal
